// !$*UTF8*$!
{
	archiveVersion = 1;
	classes = {
	};
	objectVersion = 56;
	objects = {

/* Begin PBXBuildFile section */
		D1452C0A29C144B6001C09F1 /* LocationMapAnnotationView.swift in Sources */ = {isa = PBXBuildFile; fileRef = D1452C0929C144B6001C09F1 /* LocationMapAnnotationView.swift */; };
		D1452C0C29C14524001C09F1 /* LocationPreviewView.swift in Sources */ = {isa = PBXBuildFile; fileRef = D1452C0B29C14524001C09F1 /* LocationPreviewView.swift */; };
		D14BD26829C10FE5008B8BCB /* LocationsDataService.swift in Sources */ = {isa = PBXBuildFile; fileRef = D14BD26729C10FE5008B8BCB /* LocationsDataService.swift */; };
		D14BD26B29C1104B008B8BCB /* Location.swift in Sources */ = {isa = PBXBuildFile; fileRef = D14BD26A29C1104B008B8BCB /* Location.swift */; };
		D1AB805729990A1B00590213 /* Locazen_12App.swift in Sources */ = {isa = PBXBuildFile; fileRef = D1AB805629990A1B00590213 /* Locazen_12App.swift */; };
		D1AB805929990A1B00590213 /* ContentView.swift in Sources */ = {isa = PBXBuildFile; fileRef = D1AB805829990A1B00590213 /* ContentView.swift */; };
		D1AB805B29990A1E00590213 /* Assets.xcassets in Resources */ = {isa = PBXBuildFile; fileRef = D1AB805A29990A1E00590213 /* Assets.xcassets */; };
		D1AB805E29990A1E00590213 /* Preview Assets.xcassets in Resources */ = {isa = PBXBuildFile; fileRef = D1AB805D29990A1E00590213 /* Preview Assets.xcassets */; };
		D1AB806729990B2800590213 /* MapView.swift in Sources */ = {isa = PBXBuildFile; fileRef = D1AB806629990B2800590213 /* MapView.swift */; };
		D1AB806B29990B8C00590213 /* CustomColor.swift in Sources */ = {isa = PBXBuildFile; fileRef = D1AB806A29990B8C00590213 /* CustomColor.swift */; };
		D1AB806D29990BB200590213 /* Home.swift in Sources */ = {isa = PBXBuildFile; fileRef = D1AB806C29990BB200590213 /* Home.swift */; };
		D1AB806F29990BC800590213 /* Services.swift in Sources */ = {isa = PBXBuildFile; fileRef = D1AB806E29990BC800590213 /* Services.swift */; };
		D1AB807129990BDE00590213 /* Rate.swift in Sources */ = {isa = PBXBuildFile; fileRef = D1AB807029990BDE00590213 /* Rate.swift */; };
		D1AB807329990BF500590213 /* Mail.swift in Sources */ = {isa = PBXBuildFile; fileRef = D1AB807229990BF500590213 /* Mail.swift */; };
		D1AB807529990C0A00590213 /* Partners.swift in Sources */ = {isa = PBXBuildFile; fileRef = D1AB807429990C0A00590213 /* Partners.swift */; };
		D1AB807729990C1F00590213 /* Launch Screen.storyboard in Resources */ = {isa = PBXBuildFile; fileRef = D1AB807629990C1F00590213 /* Launch Screen.storyboard */; };
		D1AB807929990C8300590213 /* LogoLocazen.swift in Sources */ = {isa = PBXBuildFile; fileRef = D1AB807829990C8300590213 /* LogoLocazen.swift */; };
		D1AB807C29990D9300590213 /* DancingScript-Regular.ttf in Resources */ = {isa = PBXBuildFile; fileRef = D1AB806829990B6600590213 /* DancingScript-Regular.ttf */; };
		D1AB807D29990D9600590213 /* NotoSansJP-Light.otf in Resources */ = {isa = PBXBuildFile; fileRef = D1AB806929990B6900590213 /* NotoSansJP-Light.otf */; };
/* End PBXBuildFile section */

/* Begin PBXFileReference section */
		D1452C0929C144B6001C09F1 /* LocationMapAnnotationView.swift */ = {isa = PBXFileReference; lastKnownFileType = sourcecode.swift; path = LocationMapAnnotationView.swift; sourceTree = "<group>"; };
		D1452C0B29C14524001C09F1 /* LocationPreviewView.swift */ = {isa = PBXFileReference; lastKnownFileType = sourcecode.swift; path = LocationPreviewView.swift; sourceTree = "<group>"; };
		D14BD26729C10FE5008B8BCB /* LocationsDataService.swift */ = {isa = PBXFileReference; lastKnownFileType = sourcecode.swift; path = LocationsDataService.swift; sourceTree = "<group>"; };
		D14BD26A29C1104B008B8BCB /* Location.swift */ = {isa = PBXFileReference; lastKnownFileType = sourcecode.swift; path = Location.swift; sourceTree = "<group>"; };
		D1AB805329990A1B00590213 /* Locazen-12.app */ = {isa = PBXFileReference; explicitFileType = wrapper.application; includeInIndex = 0; path = "Locazen-12.app"; sourceTree = BUILT_PRODUCTS_DIR; };
		D1AB805629990A1B00590213 /* Locazen_12App.swift */ = {isa = PBXFileReference; lastKnownFileType = sourcecode.swift; path = Locazen_12App.swift; sourceTree = "<group>"; };
		D1AB805829990A1B00590213 /* ContentView.swift */ = {isa = PBXFileReference; lastKnownFileType = sourcecode.swift; path = ContentView.swift; sourceTree = "<group>"; };
		D1AB805A29990A1E00590213 /* Assets.xcassets */ = {isa = PBXFileReference; lastKnownFileType = folder.assetcatalog; path = Assets.xcassets; sourceTree = "<group>"; };
		D1AB805D29990A1E00590213 /* Preview Assets.xcassets */ = {isa = PBXFileReference; lastKnownFileType = folder.assetcatalog; path = "Preview Assets.xcassets"; sourceTree = "<group>"; };
		D1AB806629990B2800590213 /* MapView.swift */ = {isa = PBXFileReference; fileEncoding = 4; lastKnownFileType = sourcecode.swift; path = MapView.swift; sourceTree = "<group>"; };
		D1AB806829990B6600590213 /* DancingScript-Regular.ttf */ = {isa = PBXFileReference; lastKnownFileType = file; path = "DancingScript-Regular.ttf"; sourceTree = "<group>"; };
		D1AB806929990B6900590213 /* NotoSansJP-Light.otf */ = {isa = PBXFileReference; lastKnownFileType = file; path = "NotoSansJP-Light.otf"; sourceTree = "<group>"; };
		D1AB806A29990B8C00590213 /* CustomColor.swift */ = {isa = PBXFileReference; fileEncoding = 4; lastKnownFileType = sourcecode.swift; path = CustomColor.swift; sourceTree = "<group>"; };
		D1AB806C29990BB200590213 /* Home.swift */ = {isa = PBXFileReference; fileEncoding = 4; lastKnownFileType = sourcecode.swift; path = Home.swift; sourceTree = "<group>"; };
		D1AB806E29990BC800590213 /* Services.swift */ = {isa = PBXFileReference; fileEncoding = 4; lastKnownFileType = sourcecode.swift; path = Services.swift; sourceTree = "<group>"; };
		D1AB807029990BDE00590213 /* Rate.swift */ = {isa = PBXFileReference; fileEncoding = 4; lastKnownFileType = sourcecode.swift; path = Rate.swift; sourceTree = "<group>"; };
		D1AB807229990BF500590213 /* Mail.swift */ = {isa = PBXFileReference; fileEncoding = 4; lastKnownFileType = sourcecode.swift; path = Mail.swift; sourceTree = "<group>"; };
		D1AB807429990C0A00590213 /* Partners.swift */ = {isa = PBXFileReference; fileEncoding = 4; lastKnownFileType = sourcecode.swift; path = Partners.swift; sourceTree = "<group>"; };
		D1AB807629990C1F00590213 /* Launch Screen.storyboard */ = {isa = PBXFileReference; fileEncoding = 4; lastKnownFileType = file.storyboard; path = "Launch Screen.storyboard"; sourceTree = "<group>"; };
		D1AB807829990C8300590213 /* LogoLocazen.swift */ = {isa = PBXFileReference; fileEncoding = 4; lastKnownFileType = sourcecode.swift; path = LogoLocazen.swift; sourceTree = "<group>"; };
/* End PBXFileReference section */

/* Begin PBXFrameworksBuildPhase section */
		D1AB805029990A1B00590213 /* Frameworks */ = {
			isa = PBXFrameworksBuildPhase;
			buildActionMask = 2147483647;
			files = (
			);
			runOnlyForDeploymentPostprocessing = 0;
		};
/* End PBXFrameworksBuildPhase section */

/* Begin PBXGroup section */
		D14BD26629C10FAC008B8BCB /* DataServices */ = {
			isa = PBXGroup;
			children = (
				D14BD26729C10FE5008B8BCB /* LocationsDataService.swift */,
			);
			path = DataServices;
			sourceTree = "<group>";
		};
		D14BD26929C1102B008B8BCB /* Model */ = {
			isa = PBXGroup;
			children = (
				D14BD26A29C1104B008B8BCB /* Location.swift */,
			);
			path = Model;
			sourceTree = "<group>";
		};
		D14BD26C29C11161008B8BCB /* View */ = {
			isa = PBXGroup;
			children = (
				D1AB806429990A9800590213 /* Pages */,
				D1452C0929C144B6001C09F1 /* LocationMapAnnotationView.swift */,
				D1452C0B29C14524001C09F1 /* LocationPreviewView.swift */,
			);
			path = View;
			sourceTree = "<group>";
		};
		D1AB804A29990A1B00590213 = {
			isa = PBXGroup;
			children = (
				D1AB805529990A1B00590213 /* Locazen-12 */,
				D1AB805429990A1B00590213 /* Products */,
			);
			sourceTree = "<group>";
		};
		D1AB805429990A1B00590213 /* Products */ = {
			isa = PBXGroup;
			children = (
				D1AB805329990A1B00590213 /* Locazen-12.app */,
			);
			name = Products;
			sourceTree = "<group>";
		};
		D1AB805529990A1B00590213 /* Locazen-12 */ = {
			isa = PBXGroup;
			children = (
				D1AB805629990A1B00590213 /* Locazen_12App.swift */,
				D1AB805829990A1B00590213 /* ContentView.swift */,
				D14BD26C29C11161008B8BCB /* View */,
				D14BD26929C1102B008B8BCB /* Model */,
				D14BD26629C10FAC008B8BCB /* DataServices */,
				D1AB806529990AA500590213 /* Custom */,
				D1AB805A29990A1E00590213 /* Assets.xcassets */,
				D1AB807629990C1F00590213 /* Launch Screen.storyboard */,
				D1AB805C29990A1E00590213 /* Preview Content */,
			);
			path = "Locazen-12";
			sourceTree = "<group>";
		};
		D1AB805C29990A1E00590213 /* Preview Content */ = {
			isa = PBXGroup;
			children = (
				D1AB805D29990A1E00590213 /* Preview Assets.xcassets */,
			);
			path = "Preview Content";
			sourceTree = "<group>";
		};
		D1AB806429990A9800590213 /* Pages */ = {
			isa = PBXGroup;
			children = (
				D1AB806C29990BB200590213 /* Home.swift */,
				D1AB806E29990BC800590213 /* Services.swift */,
				D1AB807029990BDE00590213 /* Rate.swift */,
				D1AB807229990BF500590213 /* Mail.swift */,
				D1AB807429990C0A00590213 /* Partners.swift */,
			);
			path = Pages;
			sourceTree = "<group>";
		};
		D1AB806529990AA500590213 /* Custom */ = {
			isa = PBXGroup;
			children = (
				D1AB806829990B6600590213 /* DancingScript-Regular.ttf */,
				D1AB806929990B6900590213 /* NotoSansJP-Light.otf */,
				D1AB806629990B2800590213 /* MapView.swift */,
				D1AB807829990C8300590213 /* LogoLocazen.swift */,
				D1AB806A29990B8C00590213 /* CustomColor.swift */,
			);
			path = Custom;
			sourceTree = "<group>";
		};
/* End PBXGroup section */

/* Begin PBXNativeTarget section */
		D1AB805229990A1B00590213 /* Locazen-12 */ = {
			isa = PBXNativeTarget;
			buildConfigurationList = D1AB806129990A1E00590213 /* Build configuration list for PBXNativeTarget "Locazen-12" */;
			buildPhases = (
				D1AB804F29990A1B00590213 /* Sources */,
				D1AB805029990A1B00590213 /* Frameworks */,
				D1AB805129990A1B00590213 /* Resources */,
			);
			buildRules = (
			);
			dependencies = (
			);
			name = "Locazen-12";
			productName = "Locazen-12";
			productReference = D1AB805329990A1B00590213 /* Locazen-12.app */;
			productType = "com.apple.product-type.application";
		};
/* End PBXNativeTarget section */

/* Begin PBXProject section */
		D1AB804B29990A1B00590213 /* Project object */ = {
			isa = PBXProject;
			attributes = {
				BuildIndependentTargetsInParallel = 1;
				LastSwiftUpdateCheck = 1420;
				LastUpgradeCheck = 1420;
				TargetAttributes = {
					D1AB805229990A1B00590213 = {
						CreatedOnToolsVersion = 14.2;
					};
				};
			};
			buildConfigurationList = D1AB804E29990A1B00590213 /* Build configuration list for PBXProject "Locazen-12" */;
			compatibilityVersion = "Xcode 14.0";
			developmentRegion = en;
			hasScannedForEncodings = 0;
			knownRegions = (
				en,
				Base,
			);
			mainGroup = D1AB804A29990A1B00590213;
			productRefGroup = D1AB805429990A1B00590213 /* Products */;
			projectDirPath = "";
			projectRoot = "";
			targets = (
				D1AB805229990A1B00590213 /* Locazen-12 */,
			);
		};
/* End PBXProject section */

/* Begin PBXResourcesBuildPhase section */
		D1AB805129990A1B00590213 /* Resources */ = {
			isa = PBXResourcesBuildPhase;
			buildActionMask = 2147483647;
			files = (
				D1AB807729990C1F00590213 /* Launch Screen.storyboard in Resources */,
				D1AB807C29990D9300590213 /* DancingScript-Regular.ttf in Resources */,
				D1AB807D29990D9600590213 /* NotoSansJP-Light.otf in Resources */,
				D1AB805E29990A1E00590213 /* Preview Assets.xcassets in Resources */,
				D1AB805B29990A1E00590213 /* Assets.xcassets in Resources */,
			);
			runOnlyForDeploymentPostprocessing = 0;
		};
/* End PBXResourcesBuildPhase section */

/* Begin PBXSourcesBuildPhase section */
		D1AB804F29990A1B00590213 /* Sources */ = {
			isa = PBXSourcesBuildPhase;
			buildActionMask = 2147483647;
			files = (
				D1AB807329990BF500590213 /* Mail.swift in Sources */,
				D1AB805929990A1B00590213 /* ContentView.swift in Sources */,
				D1AB806F29990BC800590213 /* Services.swift in Sources */,
				D1AB807929990C8300590213 /* LogoLocazen.swift in Sources */,
				D1452C0C29C14524001C09F1 /* LocationPreviewView.swift in Sources */,
				D1AB806729990B2800590213 /* MapView.swift in Sources */,
				D1AB807129990BDE00590213 /* Rate.swift in Sources */,
				D1AB806D29990BB200590213 /* Home.swift in Sources */,
				D1452C0A29C144B6001C09F1 /* LocationMapAnnotationView.swift in Sources */,
				D14BD26829C10FE5008B8BCB /* LocationsDataService.swift in Sources */,
				D1AB806B29990B8C00590213 /* CustomColor.swift in Sources */,
				D1AB807529990C0A00590213 /* Partners.swift in Sources */,
				D14BD26B29C1104B008B8BCB /* Location.swift in Sources */,
				D1AB805729990A1B00590213 /* Locazen_12App.swift in Sources */,
			);
			runOnlyForDeploymentPostprocessing = 0;
		};
/* End PBXSourcesBuildPhase section */

/* Begin XCBuildConfiguration section */
		D1AB805F29990A1E00590213 /* Debug */ = {
			isa = XCBuildConfiguration;
			buildSettings = {
				ALWAYS_SEARCH_USER_PATHS = NO;
				CLANG_ANALYZER_NONNULL = YES;
				CLANG_ANALYZER_NUMBER_OBJECT_CONVERSION = YES_AGGRESSIVE;
				CLANG_CXX_LANGUAGE_STANDARD = "gnu++20";
				CLANG_ENABLE_MODULES = YES;
				CLANG_ENABLE_OBJC_ARC = YES;
				CLANG_ENABLE_OBJC_WEAK = YES;
				CLANG_WARN_BLOCK_CAPTURE_AUTORELEASING = YES;
				CLANG_WARN_BOOL_CONVERSION = YES;
				CLANG_WARN_COMMA = YES;
				CLANG_WARN_CONSTANT_CONVERSION = YES;
				CLANG_WARN_DEPRECATED_OBJC_IMPLEMENTATIONS = YES;
				CLANG_WARN_DIRECT_OBJC_ISA_USAGE = YES_ERROR;
				CLANG_WARN_DOCUMENTATION_COMMENTS = YES;
				CLANG_WARN_EMPTY_BODY = YES;
				CLANG_WARN_ENUM_CONVERSION = YES;
				CLANG_WARN_INFINITE_RECURSION = YES;
				CLANG_WARN_INT_CONVERSION = YES;
				CLANG_WARN_NON_LITERAL_NULL_CONVERSION = YES;
				CLANG_WARN_OBJC_IMPLICIT_RETAIN_SELF = YES;
				CLANG_WARN_OBJC_LITERAL_CONVERSION = YES;
				CLANG_WARN_OBJC_ROOT_CLASS = YES_ERROR;
				CLANG_WARN_QUOTED_INCLUDE_IN_FRAMEWORK_HEADER = YES;
				CLANG_WARN_RANGE_LOOP_ANALYSIS = YES;
				CLANG_WARN_STRICT_PROTOTYPES = YES;
				CLANG_WARN_SUSPICIOUS_MOVE = YES;
				CLANG_WARN_UNGUARDED_AVAILABILITY = YES_AGGRESSIVE;
				CLANG_WARN_UNREACHABLE_CODE = YES;
				CLANG_WARN__DUPLICATE_METHOD_MATCH = YES;
				COPY_PHASE_STRIP = NO;
				DEBUG_INFORMATION_FORMAT = dwarf;
				ENABLE_STRICT_OBJC_MSGSEND = YES;
				ENABLE_TESTABILITY = YES;
				GCC_C_LANGUAGE_STANDARD = gnu11;
				GCC_DYNAMIC_NO_PIC = NO;
				GCC_NO_COMMON_BLOCKS = YES;
				GCC_OPTIMIZATION_LEVEL = 0;
				GCC_PREPROCESSOR_DEFINITIONS = (
					"DEBUG=1",
					"$(inherited)",
				);
				GCC_WARN_64_TO_32_BIT_CONVERSION = YES;
				GCC_WARN_ABOUT_RETURN_TYPE = YES_ERROR;
				GCC_WARN_UNDECLARED_SELECTOR = YES;
				GCC_WARN_UNINITIALIZED_AUTOS = YES_AGGRESSIVE;
				GCC_WARN_UNUSED_FUNCTION = YES;
				GCC_WARN_UNUSED_VARIABLE = YES;
				IPHONEOS_DEPLOYMENT_TARGET = 16.2;
				MTL_ENABLE_DEBUG_INFO = INCLUDE_SOURCE;
				MTL_FAST_MATH = YES;
				ONLY_ACTIVE_ARCH = YES;
				SDKROOT = iphoneos;
				SWIFT_ACTIVE_COMPILATION_CONDITIONS = DEBUG;
				SWIFT_OPTIMIZATION_LEVEL = "-Onone";
			};
			name = Debug;
		};
		D1AB806029990A1E00590213 /* Release */ = {
			isa = XCBuildConfiguration;
			buildSettings = {
				ALWAYS_SEARCH_USER_PATHS = NO;
				CLANG_ANALYZER_NONNULL = YES;
				CLANG_ANALYZER_NUMBER_OBJECT_CONVERSION = YES_AGGRESSIVE;
				CLANG_CXX_LANGUAGE_STANDARD = "gnu++20";
				CLANG_ENABLE_MODULES = YES;
				CLANG_ENABLE_OBJC_ARC = YES;
				CLANG_ENABLE_OBJC_WEAK = YES;
				CLANG_WARN_BLOCK_CAPTURE_AUTORELEASING = YES;
				CLANG_WARN_BOOL_CONVERSION = YES;
				CLANG_WARN_COMMA = YES;
				CLANG_WARN_CONSTANT_CONVERSION = YES;
				CLANG_WARN_DEPRECATED_OBJC_IMPLEMENTATIONS = YES;
				CLANG_WARN_DIRECT_OBJC_ISA_USAGE = YES_ERROR;
				CLANG_WARN_DOCUMENTATION_COMMENTS = YES;
				CLANG_WARN_EMPTY_BODY = YES;
				CLANG_WARN_ENUM_CONVERSION = YES;
				CLANG_WARN_INFINITE_RECURSION = YES;
				CLANG_WARN_INT_CONVERSION = YES;
				CLANG_WARN_NON_LITERAL_NULL_CONVERSION = YES;
				CLANG_WARN_OBJC_IMPLICIT_RETAIN_SELF = YES;
				CLANG_WARN_OBJC_LITERAL_CONVERSION = YES;
				CLANG_WARN_OBJC_ROOT_CLASS = YES_ERROR;
				CLANG_WARN_QUOTED_INCLUDE_IN_FRAMEWORK_HEADER = YES;
				CLANG_WARN_RANGE_LOOP_ANALYSIS = YES;
				CLANG_WARN_STRICT_PROTOTYPES = YES;
				CLANG_WARN_SUSPICIOUS_MOVE = YES;
				CLANG_WARN_UNGUARDED_AVAILABILITY = YES_AGGRESSIVE;
				CLANG_WARN_UNREACHABLE_CODE = YES;
				CLANG_WARN__DUPLICATE_METHOD_MATCH = YES;
				COPY_PHASE_STRIP = NO;
				DEBUG_INFORMATION_FORMAT = "dwarf-with-dsym";
				ENABLE_NS_ASSERTIONS = NO;
				ENABLE_STRICT_OBJC_MSGSEND = YES;
				GCC_C_LANGUAGE_STANDARD = gnu11;
				GCC_NO_COMMON_BLOCKS = YES;
				GCC_WARN_64_TO_32_BIT_CONVERSION = YES;
				GCC_WARN_ABOUT_RETURN_TYPE = YES_ERROR;
				GCC_WARN_UNDECLARED_SELECTOR = YES;
				GCC_WARN_UNINITIALIZED_AUTOS = YES_AGGRESSIVE;
				GCC_WARN_UNUSED_FUNCTION = YES;
				GCC_WARN_UNUSED_VARIABLE = YES;
				IPHONEOS_DEPLOYMENT_TARGET = 16.2;
				MTL_ENABLE_DEBUG_INFO = NO;
				MTL_FAST_MATH = YES;
				SDKROOT = iphoneos;
				SWIFT_COMPILATION_MODE = wholemodule;
				SWIFT_OPTIMIZATION_LEVEL = "-O";
				VALIDATE_PRODUCT = YES;
			};
			name = Release;
		};
		D1AB806229990A1E00590213 /* Debug */ = {
			isa = XCBuildConfiguration;
			buildSettings = {
				ASSETCATALOG_COMPILER_APPICON_NAME = AppIcon;
				ASSETCATALOG_COMPILER_GLOBAL_ACCENT_COLOR_NAME = AccentColor;
				CODE_SIGN_STYLE = Automatic;
				CURRENT_PROJECT_VERSION = 1;
				DEVELOPMENT_ASSET_PATHS = "\"Locazen-12/Preview Content\"";
				DEVELOPMENT_TEAM = 69N585LAQZ;
				ENABLE_PREVIEWS = YES;
				GENERATE_INFOPLIST_FILE = YES;
				INFOPLIST_FILE = "Locazen-12/Info.plist";
				INFOPLIST_KEY_UIApplicationSceneManifest_Generation = YES;
				INFOPLIST_KEY_UILaunchScreen_Generation = YES;
				INFOPLIST_KEY_UILaunchStoryboardName = "Launch Screen.storyboard";
				INFOPLIST_KEY_UISupportedInterfaceOrientations = "UIInterfaceOrientationPortrait UIInterfaceOrientationPortraitUpsideDown";
				LD_RUNPATH_SEARCH_PATHS = (
					"$(inherited)",
					"@executable_path/Frameworks",
				);
				MARKETING_VERSION = 1.0;
				PRODUCT_BUNDLE_IDENTIFIER = "sofyan-dev.Locazen-12";
				PRODUCT_NAME = "$(TARGET_NAME)";
				SUPPORTED_PLATFORMS = "iphoneos iphonesimulator";
				SUPPORTS_MACCATALYST = NO;
				SUPPORTS_MAC_DESIGNED_FOR_IPHONE_IPAD = YES;
				SWIFT_EMIT_LOC_STRINGS = YES;
				SWIFT_VERSION = 5.0;
				TARGETED_DEVICE_FAMILY = 1;
			};
			name = Debug;
		};
		D1AB806329990A1E00590213 /* Release */ = {
			isa = XCBuildConfiguration;
			buildSettings = {
				ASSETCATALOG_COMPILER_APPICON_NAME = AppIcon;
				ASSETCATALOG_COMPILER_GLOBAL_ACCENT_COLOR_NAME = AccentColor;
				CODE_SIGN_STYLE = Automatic;
				CURRENT_PROJECT_VERSION = 1;
				DEVELOPMENT_ASSET_PATHS = "\"Locazen-12/Preview Content\"";
				DEVELOPMENT_TEAM = 69N585LAQZ;
				ENABLE_PREVIEWS = YES;
				GENERATE_INFOPLIST_FILE = YES;
				INFOPLIST_FILE = "Locazen-12/Info.plist";
				INFOPLIST_KEY_UIApplicationSceneManifest_Generation = YES;
				INFOPLIST_KEY_UILaunchScreen_Generation = YES;
				INFOPLIST_KEY_UILaunchStoryboardName = "Launch Screen.storyboard";
				INFOPLIST_KEY_UISupportedInterfaceOrientations = "UIInterfaceOrientationPortrait UIInterfaceOrientationPortraitUpsideDown";
				LD_RUNPATH_SEARCH_PATHS = (
					"$(inherited)",
					"@executable_path/Frameworks",
				);
				MARKETING_VERSION = 1.0;
				PRODUCT_BUNDLE_IDENTIFIER = "sofyan-dev.Locazen-12";
				PRODUCT_NAME = "$(TARGET_NAME)";
				SUPPORTED_PLATFORMS = "iphoneos iphonesimulator";
				SUPPORTS_MACCATALYST = NO;
				SUPPORTS_MAC_DESIGNED_FOR_IPHONE_IPAD = YES;
				SWIFT_EMIT_LOC_STRINGS = YES;
				SWIFT_VERSION = 5.0;
				TARGETED_DEVICE_FAMILY = 1;
			};
			name = Release;
		};
/* End XCBuildConfiguration section */

/* Begin XCConfigurationList section */
		D1AB804E29990A1B00590213 /* Build configuration list for PBXProject "Locazen-12" */ = {
			isa = XCConfigurationList;
			buildConfigurations = (
				D1AB805F29990A1E00590213 /* Debug */,
				D1AB806029990A1E00590213 /* Release */,
			);
			defaultConfigurationIsVisible = 0;
			defaultConfigurationName = Release;
		};
		D1AB806129990A1E00590213 /* Build configuration list for PBXNativeTarget "Locazen-12" */ = {
			isa = XCConfigurationList;
			buildConfigurations = (
				D1AB806229990A1E00590213 /* Debug */,
				D1AB806329990A1E00590213 /* Release */,
			);
			defaultConfigurationIsVisible = 0;
			defaultConfigurationName = Release;
		};
/* End XCConfigurationList section */
	};
	rootObject = D1AB804B29990A1B00590213 /* Project object */;
}
